{
  "object": {
    "pins": [
      {
        "package": "DataConvert",
        "repositoryURL": "https://github.com/jccapril/DataConvert.git",
        "state": {
          "branch": null,
          "revision": "e725d50668e3da0e13f40fd4e73bea24c21b3e1b",
          "version": "1.0.2"
        }
      }
    ]
  },
  "version": 1
}
